// !$*UTF8*$!
{
	archiveVersion = 1;
	classes = {
	};
	objectVersion = 46;
	objects = {

/* Begin PBXBuildFile section */
		E04829C91DE6E9C50038C7B6 /* AnnictAPI.framework in Frameworks */ = {isa = PBXBuildFile; fileRef = E04829BF1DE6E9C40038C7B6 /* AnnictAPI.framework */; };
		E04829CE1DE6E9C50038C7B6 /* AnnictAPITests.swift in Sources */ = {isa = PBXBuildFile; fileRef = E04829CD1DE6E9C50038C7B6 /* AnnictAPITests.swift */; };
		E04829D01DE6E9C50038C7B6 /* AnnictAPI.h in Headers */ = {isa = PBXBuildFile; fileRef = E04829C21DE6E9C40038C7B6 /* AnnictAPI.h */; settings = {ATTRIBUTES = (Public, ); }; };
		E066F3FD1DF02A5400CEEA36 /* Authorize.swift in Sources */ = {isa = PBXBuildFile; fileRef = E0F602811DF025EA0016AC2A /* Authorize.swift */; };
		E087DA5E1DF02F680051F7CC /* URL+Parse.swift in Sources */ = {isa = PBXBuildFile; fileRef = E087DA5D1DF02F680051F7CC /* URL+Parse.swift */; };
		E087DA601DF036440051F7CC /* AnnictError.swift in Sources */ = {isa = PBXBuildFile; fileRef = E087DA5F1DF036440051F7CC /* AnnictError.swift */; };
		E087DA621DF03A120051F7CC /* Token.swift in Sources */ = {isa = PBXBuildFile; fileRef = E087DA611DF03A120051F7CC /* Token.swift */; };
		E087DA641DF0445F0051F7CC /* AnnictNotification.swift in Sources */ = {isa = PBXBuildFile; fileRef = E087DA631DF0445F0051F7CC /* AnnictNotification.swift */; };
		E087DA661DF0482F0051F7CC /* Date+Decodable.swift in Sources */ = {isa = PBXBuildFile; fileRef = E087DA651DF0482F0051F7CC /* Date+Decodable.swift */; };
		E087DA681DF04CD40051F7CC /* Result.framework in Frameworks */ = {isa = PBXBuildFile; fileRef = E0F602751DF019910016AC2A /* Result.framework */; };
		E087DA691DF04CD40051F7CC /* Himotoki.framework in Frameworks */ = {isa = PBXBuildFile; fileRef = E0F602741DF019910016AC2A /* Himotoki.framework */; };
		E087DA6A1DF04CD40051F7CC /* APIKit.framework in Frameworks */ = {isa = PBXBuildFile; fileRef = E0F602731DF019910016AC2A /* APIKit.framework */; };
		E087DAF31DF055440051F7CC /* AppDelegate.swift in Sources */ = {isa = PBXBuildFile; fileRef = E087DAF21DF055440051F7CC /* AppDelegate.swift */; };
		E087DAF51DF055440051F7CC /* ViewController.swift in Sources */ = {isa = PBXBuildFile; fileRef = E087DAF41DF055440051F7CC /* ViewController.swift */; };
		E087DAF81DF055440051F7CC /* Main.storyboard in Resources */ = {isa = PBXBuildFile; fileRef = E087DAF61DF055440051F7CC /* Main.storyboard */; };
		E087DAFA1DF055440051F7CC /* Assets.xcassets in Resources */ = {isa = PBXBuildFile; fileRef = E087DAF91DF055440051F7CC /* Assets.xcassets */; };
		E087DAFD1DF055440051F7CC /* LaunchScreen.storyboard in Resources */ = {isa = PBXBuildFile; fileRef = E087DAFB1DF055440051F7CC /* LaunchScreen.storyboard */; };
		E087DB081DF055F00051F7CC /* AnnictAPI.framework in Frameworks */ = {isa = PBXBuildFile; fileRef = E04829BF1DE6E9C40038C7B6 /* AnnictAPI.framework */; };
		E087DB091DF055F00051F7CC /* AnnictAPI.framework in Embed Frameworks */ = {isa = PBXBuildFile; fileRef = E04829BF1DE6E9C40038C7B6 /* AnnictAPI.framework */; settings = {ATTRIBUTES = (CodeSignOnCopy, RemoveHeadersOnCopy, ); }; };
		E087DB0D1DF056C30051F7CC /* APIKit.framework in Embed Frameworks */ = {isa = PBXBuildFile; fileRef = E0F602731DF019910016AC2A /* APIKit.framework */; settings = {ATTRIBUTES = (CodeSignOnCopy, RemoveHeadersOnCopy, ); }; };
		E087DB0E1DF056C30051F7CC /* Himotoki.framework in Embed Frameworks */ = {isa = PBXBuildFile; fileRef = E0F602741DF019910016AC2A /* Himotoki.framework */; settings = {ATTRIBUTES = (CodeSignOnCopy, RemoveHeadersOnCopy, ); }; };
		E087DB0F1DF056C30051F7CC /* Result.framework in Embed Frameworks */ = {isa = PBXBuildFile; fileRef = E0F602751DF019910016AC2A /* Result.framework */; settings = {ATTRIBUTES = (CodeSignOnCopy, RemoveHeadersOnCopy, ); }; };
		E087DB101DF0575C0051F7CC /* APIKit.framework in Frameworks */ = {isa = PBXBuildFile; fileRef = E0F602731DF019910016AC2A /* APIKit.framework */; };
		E087DB111DF0575C0051F7CC /* Himotoki.framework in Frameworks */ = {isa = PBXBuildFile; fileRef = E0F602741DF019910016AC2A /* Himotoki.framework */; };
		E087DB121DF0575C0051F7CC /* Result.framework in Frameworks */ = {isa = PBXBuildFile; fileRef = E0F602751DF019910016AC2A /* Result.framework */; };
		E087DB141DF0685C0051F7CC /* AnnictWorkEntity.swift in Sources */ = {isa = PBXBuildFile; fileRef = E087DB131DF0685C0051F7CC /* AnnictWorkEntity.swift */; };
		E087DB161DF2AA280051F7CC /* URL+Decodable.swift in Sources */ = {isa = PBXBuildFile; fileRef = E087DB151DF2AA280051F7CC /* URL+Decodable.swift */; };
		E087DB191DF2ACDB0051F7CC /* Works.swift in Sources */ = {isa = PBXBuildFile; fileRef = E087DB181DF2ACDB0051F7CC /* Works.swift */; };
		E0A825F81DF2B898003BABE5 /* Array+join.swift in Sources */ = {isa = PBXBuildFile; fileRef = E0A825F71DF2B898003BABE5 /* Array+join.swift */; };
		E0F602761DF019910016AC2A /* APIKit.framework in Frameworks */ = {isa = PBXBuildFile; fileRef = E0F602731DF019910016AC2A /* APIKit.framework */; };
		E0F602771DF019910016AC2A /* Himotoki.framework in Frameworks */ = {isa = PBXBuildFile; fileRef = E0F602741DF019910016AC2A /* Himotoki.framework */; };
		E0F602781DF019910016AC2A /* Result.framework in Frameworks */ = {isa = PBXBuildFile; fileRef = E0F602751DF019910016AC2A /* Result.framework */; };
		E0F6027A1DF01A670016AC2A /* AnnictRequest.swift in Sources */ = {isa = PBXBuildFile; fileRef = E0F602791DF01A670016AC2A /* AnnictRequest.swift */; };
		E0F6027C1DF01C250016AC2A /* AnnictClient.swift in Sources */ = {isa = PBXBuildFile; fileRef = E0F6027B1DF01C250016AC2A /* AnnictClient.swift */; };
		E0F6027E1DF020900016AC2A /* AnnictSessionAdapter.swift in Sources */ = {isa = PBXBuildFile; fileRef = E0F6027D1DF020900016AC2A /* AnnictSessionAdapter.swift */; };
		E0F602891DF027FC0016AC2A /* AnnictAuthorizeEntity.swift in Sources */ = {isa = PBXBuildFile; fileRef = E0F602881DF027FC0016AC2A /* AnnictAuthorizeEntity.swift */; };
/* End PBXBuildFile section */

/* Begin PBXContainerItemProxy section */
		E04829CA1DE6E9C50038C7B6 /* PBXContainerItemProxy */ = {
			isa = PBXContainerItemProxy;
			containerPortal = E04829B61DE6E9C40038C7B6 /* Project object */;
			proxyType = 1;
			remoteGlobalIDString = E04829BE1DE6E9C40038C7B6;
			remoteInfo = AnnictAPI;
		};
		E087DB0A1DF055F00051F7CC /* PBXContainerItemProxy */ = {
			isa = PBXContainerItemProxy;
			containerPortal = E04829B61DE6E9C40038C7B6 /* Project object */;
			proxyType = 1;
			remoteGlobalIDString = E04829BE1DE6E9C40038C7B6;
			remoteInfo = AnnictAPI;
		};
/* End PBXContainerItemProxy section */

/* Begin PBXCopyFilesBuildPhase section */
		E087DB0C1DF055F00051F7CC /* Embed Frameworks */ = {
			isa = PBXCopyFilesBuildPhase;
			buildActionMask = 12;
			dstPath = "";
			dstSubfolderSpec = 10;
			files = (
				E087DB0D1DF056C30051F7CC /* APIKit.framework in Embed Frameworks */,
				E087DB0E1DF056C30051F7CC /* Himotoki.framework in Embed Frameworks */,
				E087DB0F1DF056C30051F7CC /* Result.framework in Embed Frameworks */,
				E087DB091DF055F00051F7CC /* AnnictAPI.framework in Embed Frameworks */,
			);
			name = "Embed Frameworks";
			runOnlyForDeploymentPostprocessing = 0;
		};
/* End PBXCopyFilesBuildPhase section */

/* Begin PBXFileReference section */
		E04829BF1DE6E9C40038C7B6 /* AnnictAPI.framework */ = {isa = PBXFileReference; explicitFileType = wrapper.framework; includeInIndex = 0; path = AnnictAPI.framework; sourceTree = BUILT_PRODUCTS_DIR; };
		E04829C21DE6E9C40038C7B6 /* AnnictAPI.h */ = {isa = PBXFileReference; lastKnownFileType = sourcecode.c.h; path = AnnictAPI.h; sourceTree = "<group>"; };
		E04829C31DE6E9C40038C7B6 /* Info.plist */ = {isa = PBXFileReference; lastKnownFileType = text.plist.xml; path = Info.plist; sourceTree = "<group>"; };
		E04829C81DE6E9C50038C7B6 /* AnnictAPITests.xctest */ = {isa = PBXFileReference; explicitFileType = wrapper.cfbundle; includeInIndex = 0; path = AnnictAPITests.xctest; sourceTree = BUILT_PRODUCTS_DIR; };
		E04829CD1DE6E9C50038C7B6 /* AnnictAPITests.swift */ = {isa = PBXFileReference; lastKnownFileType = sourcecode.swift; path = AnnictAPITests.swift; sourceTree = "<group>"; };
		E04829CF1DE6E9C50038C7B6 /* Info.plist */ = {isa = PBXFileReference; lastKnownFileType = text.plist.xml; path = Info.plist; sourceTree = "<group>"; };
		E087DA5D1DF02F680051F7CC /* URL+Parse.swift */ = {isa = PBXFileReference; fileEncoding = 4; lastKnownFileType = sourcecode.swift; path = "URL+Parse.swift"; sourceTree = "<group>"; };
		E087DA5F1DF036440051F7CC /* AnnictError.swift */ = {isa = PBXFileReference; fileEncoding = 4; lastKnownFileType = sourcecode.swift; path = AnnictError.swift; sourceTree = "<group>"; };
		E087DA611DF03A120051F7CC /* Token.swift */ = {isa = PBXFileReference; fileEncoding = 4; lastKnownFileType = sourcecode.swift; path = Token.swift; sourceTree = "<group>"; };
		E087DA631DF0445F0051F7CC /* AnnictNotification.swift */ = {isa = PBXFileReference; fileEncoding = 4; lastKnownFileType = sourcecode.swift; path = AnnictNotification.swift; sourceTree = "<group>"; };
		E087DA651DF0482F0051F7CC /* Date+Decodable.swift */ = {isa = PBXFileReference; fileEncoding = 4; lastKnownFileType = sourcecode.swift; path = "Date+Decodable.swift"; sourceTree = "<group>"; };
		E087DAF01DF055440051F7CC /* AnnictAPIDemo.app */ = {isa = PBXFileReference; explicitFileType = wrapper.application; includeInIndex = 0; path = AnnictAPIDemo.app; sourceTree = BUILT_PRODUCTS_DIR; };
		E087DAF21DF055440051F7CC /* AppDelegate.swift */ = {isa = PBXFileReference; lastKnownFileType = sourcecode.swift; path = AppDelegate.swift; sourceTree = "<group>"; };
		E087DAF41DF055440051F7CC /* ViewController.swift */ = {isa = PBXFileReference; lastKnownFileType = sourcecode.swift; path = ViewController.swift; sourceTree = "<group>"; };
		E087DAF71DF055440051F7CC /* Base */ = {isa = PBXFileReference; lastKnownFileType = file.storyboard; name = Base; path = Base.lproj/Main.storyboard; sourceTree = "<group>"; };
		E087DAF91DF055440051F7CC /* Assets.xcassets */ = {isa = PBXFileReference; lastKnownFileType = folder.assetcatalog; path = Assets.xcassets; sourceTree = "<group>"; };
		E087DAFC1DF055440051F7CC /* Base */ = {isa = PBXFileReference; lastKnownFileType = file.storyboard; name = Base; path = Base.lproj/LaunchScreen.storyboard; sourceTree = "<group>"; };
		E087DAFE1DF055440051F7CC /* Info.plist */ = {isa = PBXFileReference; lastKnownFileType = text.plist.xml; path = Info.plist; sourceTree = "<group>"; };
		E087DB131DF0685C0051F7CC /* AnnictWorkEntity.swift */ = {isa = PBXFileReference; fileEncoding = 4; lastKnownFileType = sourcecode.swift; path = AnnictWorkEntity.swift; sourceTree = "<group>"; };
		E087DB151DF2AA280051F7CC /* URL+Decodable.swift */ = {isa = PBXFileReference; fileEncoding = 4; lastKnownFileType = sourcecode.swift; path = "URL+Decodable.swift"; sourceTree = "<group>"; };
		E087DB181DF2ACDB0051F7CC /* Works.swift */ = {isa = PBXFileReference; fileEncoding = 4; lastKnownFileType = sourcecode.swift; path = Works.swift; sourceTree = "<group>"; };
		E0A825F71DF2B898003BABE5 /* Array+join.swift */ = {isa = PBXFileReference; fileEncoding = 4; lastKnownFileType = sourcecode.swift; path = "Array+join.swift"; sourceTree = "<group>"; };
		E0F602731DF019910016AC2A /* APIKit.framework */ = {isa = PBXFileReference; lastKnownFileType = wrapper.framework; name = APIKit.framework; path = Carthage/Build/iOS/APIKit.framework; sourceTree = "<group>"; };
		E0F602741DF019910016AC2A /* Himotoki.framework */ = {isa = PBXFileReference; lastKnownFileType = wrapper.framework; name = Himotoki.framework; path = Carthage/Build/iOS/Himotoki.framework; sourceTree = "<group>"; };
		E0F602751DF019910016AC2A /* Result.framework */ = {isa = PBXFileReference; lastKnownFileType = wrapper.framework; name = Result.framework; path = Carthage/Build/iOS/Result.framework; sourceTree = "<group>"; };
		E0F602791DF01A670016AC2A /* AnnictRequest.swift */ = {isa = PBXFileReference; fileEncoding = 4; lastKnownFileType = sourcecode.swift; path = AnnictRequest.swift; sourceTree = "<group>"; };
		E0F6027B1DF01C250016AC2A /* AnnictClient.swift */ = {isa = PBXFileReference; fileEncoding = 4; lastKnownFileType = sourcecode.swift; path = AnnictClient.swift; sourceTree = "<group>"; };
		E0F6027D1DF020900016AC2A /* AnnictSessionAdapter.swift */ = {isa = PBXFileReference; fileEncoding = 4; lastKnownFileType = sourcecode.swift; path = AnnictSessionAdapter.swift; sourceTree = "<group>"; };
		E0F602811DF025EA0016AC2A /* Authorize.swift */ = {isa = PBXFileReference; fileEncoding = 4; lastKnownFileType = sourcecode.swift; path = Authorize.swift; sourceTree = "<group>"; };
		E0F602881DF027FC0016AC2A /* AnnictAuthorizeEntity.swift */ = {isa = PBXFileReference; fileEncoding = 4; lastKnownFileType = sourcecode.swift; path = AnnictAuthorizeEntity.swift; sourceTree = "<group>"; };
/* End PBXFileReference section */

/* Begin PBXFrameworksBuildPhase section */
		E04829BB1DE6E9C40038C7B6 /* Frameworks */ = {
			isa = PBXFrameworksBuildPhase;
			buildActionMask = 2147483647;
			files = (
				E0F602761DF019910016AC2A /* APIKit.framework in Frameworks */,
				E0F602771DF019910016AC2A /* Himotoki.framework in Frameworks */,
				E0F602781DF019910016AC2A /* Result.framework in Frameworks */,
			);
			runOnlyForDeploymentPostprocessing = 0;
		};
		E04829C51DE6E9C50038C7B6 /* Frameworks */ = {
			isa = PBXFrameworksBuildPhase;
			buildActionMask = 2147483647;
			files = (
				E087DA681DF04CD40051F7CC /* Result.framework in Frameworks */,
				E087DA691DF04CD40051F7CC /* Himotoki.framework in Frameworks */,
				E087DA6A1DF04CD40051F7CC /* APIKit.framework in Frameworks */,
				E04829C91DE6E9C50038C7B6 /* AnnictAPI.framework in Frameworks */,
			);
			runOnlyForDeploymentPostprocessing = 0;
		};
		E087DAED1DF055440051F7CC /* Frameworks */ = {
			isa = PBXFrameworksBuildPhase;
			buildActionMask = 2147483647;
			files = (
				E087DB101DF0575C0051F7CC /* APIKit.framework in Frameworks */,
				E087DB111DF0575C0051F7CC /* Himotoki.framework in Frameworks */,
				E087DB121DF0575C0051F7CC /* Result.framework in Frameworks */,
				E087DB081DF055F00051F7CC /* AnnictAPI.framework in Frameworks */,
			);
			runOnlyForDeploymentPostprocessing = 0;
		};
/* End PBXFrameworksBuildPhase section */

/* Begin PBXGroup section */
		E04829B51DE6E9C40038C7B6 = {
			isa = PBXGroup;
			children = (
				E04829C11DE6E9C40038C7B6 /* AnnictAPI */,
				E04829CC1DE6E9C50038C7B6 /* AnnictAPITests */,
				E087DAF11DF055440051F7CC /* AnnictAPIDemo */,
				E04829C01DE6E9C40038C7B6 /* Products */,
				E0F602721DF019910016AC2A /* Frameworks */,
			);
			sourceTree = "<group>";
		};
		E04829C01DE6E9C40038C7B6 /* Products */ = {
			isa = PBXGroup;
			children = (
				E04829BF1DE6E9C40038C7B6 /* AnnictAPI.framework */,
				E04829C81DE6E9C50038C7B6 /* AnnictAPITests.xctest */,
				E087DAF01DF055440051F7CC /* AnnictAPIDemo.app */,
			);
			name = Products;
			sourceTree = "<group>";
		};
		E04829C11DE6E9C40038C7B6 /* AnnictAPI */ = {
			isa = PBXGroup;
			children = (
				E04829C21DE6E9C40038C7B6 /* AnnictAPI.h */,
				E0F602791DF01A670016AC2A /* AnnictRequest.swift */,
				E0F6027B1DF01C250016AC2A /* AnnictClient.swift */,
				E0F6027D1DF020900016AC2A /* AnnictSessionAdapter.swift */,
				E087DA5F1DF036440051F7CC /* AnnictError.swift */,
				E087DA5C1DF02F040051F7CC /* Helper */,
				E0F602871DF027C40016AC2A /* Entities */,
				E0F6027F1DF0251D0016AC2A /* API */,
				E04829C31DE6E9C40038C7B6 /* Info.plist */,
			);
			path = AnnictAPI;
			sourceTree = "<group>";
		};
		E04829CC1DE6E9C50038C7B6 /* AnnictAPITests */ = {
			isa = PBXGroup;
			children = (
				E04829CD1DE6E9C50038C7B6 /* AnnictAPITests.swift */,
				E04829CF1DE6E9C50038C7B6 /* Info.plist */,
			);
			path = AnnictAPITests;
			sourceTree = "<group>";
		};
		E087DA5C1DF02F040051F7CC /* Helper */ = {
			isa = PBXGroup;
			children = (
				E087DA631DF0445F0051F7CC /* AnnictNotification.swift */,
				E087DA5D1DF02F680051F7CC /* URL+Parse.swift */,
				E087DA651DF0482F0051F7CC /* Date+Decodable.swift */,
				E087DB151DF2AA280051F7CC /* URL+Decodable.swift */,
				E0A825F71DF2B898003BABE5 /* Array+join.swift */,
			);
			path = Helper;
			sourceTree = "<group>";
		};
		E087DAF11DF055440051F7CC /* AnnictAPIDemo */ = {
			isa = PBXGroup;
			children = (
				E087DAF21DF055440051F7CC /* AppDelegate.swift */,
				E087DAF41DF055440051F7CC /* ViewController.swift */,
				E087DAF61DF055440051F7CC /* Main.storyboard */,
				E087DAF91DF055440051F7CC /* Assets.xcassets */,
				E087DAFB1DF055440051F7CC /* LaunchScreen.storyboard */,
				E087DAFE1DF055440051F7CC /* Info.plist */,
			);
			path = AnnictAPIDemo;
			sourceTree = "<group>";
		};
		E0F602721DF019910016AC2A /* Frameworks */ = {
			isa = PBXGroup;
			children = (
				E0F602731DF019910016AC2A /* APIKit.framework */,
				E0F602741DF019910016AC2A /* Himotoki.framework */,
				E0F602751DF019910016AC2A /* Result.framework */,
			);
			name = Frameworks;
			sourceTree = "<group>";
		};
		E0F6027F1DF0251D0016AC2A /* API */ = {
			isa = PBXGroup;
			children = (
				E0F602811DF025EA0016AC2A /* Authorize.swift */,
				E087DA611DF03A120051F7CC /* Token.swift */,
				E087DB181DF2ACDB0051F7CC /* Works.swift */,
			);
			path = API;
			sourceTree = "<group>";
		};
		E0F602871DF027C40016AC2A /* Entities */ = {
			isa = PBXGroup;
			children = (
				E0F602881DF027FC0016AC2A /* AnnictAuthorizeEntity.swift */,
				E087DB131DF0685C0051F7CC /* AnnictWorkEntity.swift */,
			);
			path = Entities;
			sourceTree = "<group>";
		};
/* End PBXGroup section */

/* Begin PBXHeadersBuildPhase section */
		E04829BC1DE6E9C40038C7B6 /* Headers */ = {
			isa = PBXHeadersBuildPhase;
			buildActionMask = 2147483647;
			files = (
				E04829D01DE6E9C50038C7B6 /* AnnictAPI.h in Headers */,
			);
			runOnlyForDeploymentPostprocessing = 0;
		};
/* End PBXHeadersBuildPhase section */

/* Begin PBXNativeTarget section */
		E04829BE1DE6E9C40038C7B6 /* AnnictAPI */ = {
			isa = PBXNativeTarget;
			buildConfigurationList = E04829D31DE6E9C50038C7B6 /* Build configuration list for PBXNativeTarget "AnnictAPI" */;
			buildPhases = (
				E04829BA1DE6E9C40038C7B6 /* Sources */,
				E04829BB1DE6E9C40038C7B6 /* Frameworks */,
				E04829BC1DE6E9C40038C7B6 /* Headers */,
				E04829BD1DE6E9C40038C7B6 /* Resources */,
			);
			buildRules = (
			);
			dependencies = (
			);
			name = AnnictAPI;
			productName = AnnictAPI;
			productReference = E04829BF1DE6E9C40038C7B6 /* AnnictAPI.framework */;
			productType = "com.apple.product-type.framework";
		};
		E04829C71DE6E9C50038C7B6 /* AnnictAPITests */ = {
			isa = PBXNativeTarget;
			buildConfigurationList = E04829D61DE6E9C50038C7B6 /* Build configuration list for PBXNativeTarget "AnnictAPITests" */;
			buildPhases = (
				E04829C41DE6E9C50038C7B6 /* Sources */,
				E04829C51DE6E9C50038C7B6 /* Frameworks */,
				E04829C61DE6E9C50038C7B6 /* Resources */,
			);
			buildRules = (
			);
			dependencies = (
				E04829CB1DE6E9C50038C7B6 /* PBXTargetDependency */,
			);
			name = AnnictAPITests;
			productName = AnnictAPITests;
			productReference = E04829C81DE6E9C50038C7B6 /* AnnictAPITests.xctest */;
			productType = "com.apple.product-type.bundle.unit-test";
		};
		E087DAEF1DF055440051F7CC /* AnnictAPIDemo */ = {
			isa = PBXNativeTarget;
			buildConfigurationList = E087DAFF1DF055440051F7CC /* Build configuration list for PBXNativeTarget "AnnictAPIDemo" */;
			buildPhases = (
				E087DAEC1DF055440051F7CC /* Sources */,
				E087DAED1DF055440051F7CC /* Frameworks */,
				E087DAEE1DF055440051F7CC /* Resources */,
				E087DB0C1DF055F00051F7CC /* Embed Frameworks */,
			);
			buildRules = (
			);
			dependencies = (
				E087DB0B1DF055F00051F7CC /* PBXTargetDependency */,
			);
			name = AnnictAPIDemo;
			productName = AnnictAPIDemo;
			productReference = E087DAF01DF055440051F7CC /* AnnictAPIDemo.app */;
			productType = "com.apple.product-type.application";
		};
/* End PBXNativeTarget section */

/* Begin PBXProject section */
		E04829B61DE6E9C40038C7B6 /* Project object */ = {
			isa = PBXProject;
			attributes = {
				LastSwiftUpdateCheck = 0810;
				LastUpgradeCheck = 0810;
				ORGANIZATIONNAME = kateinoigakukun;
				TargetAttributes = {
					E04829BE1DE6E9C40038C7B6 = {
						CreatedOnToolsVersion = 8.1;
						DevelopmentTeam = 2SG9N6FZ7L;
						LastSwiftMigration = 0810;
						ProvisioningStyle = Automatic;
					};
					E04829C71DE6E9C50038C7B6 = {
						CreatedOnToolsVersion = 8.1;
						ProvisioningStyle = Automatic;
					};
					E087DAEF1DF055440051F7CC = {
						CreatedOnToolsVersion = 8.1;
						DevelopmentTeam = 2SG9N6FZ7L;
						ProvisioningStyle = Automatic;
					};
				};
			};
			buildConfigurationList = E04829B91DE6E9C40038C7B6 /* Build configuration list for PBXProject "AnnictAPI" */;
			compatibilityVersion = "Xcode 3.2";
			developmentRegion = English;
			hasScannedForEncodings = 0;
			knownRegions = (
				en,
				Base,
			);
			mainGroup = E04829B51DE6E9C40038C7B6;
			productRefGroup = E04829C01DE6E9C40038C7B6 /* Products */;
			projectDirPath = "";
			projectRoot = "";
			targets = (
				E04829BE1DE6E9C40038C7B6 /* AnnictAPI */,
				E04829C71DE6E9C50038C7B6 /* AnnictAPITests */,
				E087DAEF1DF055440051F7CC /* AnnictAPIDemo */,
			);
		};
/* End PBXProject section */

/* Begin PBXResourcesBuildPhase section */
		E04829BD1DE6E9C40038C7B6 /* Resources */ = {
			isa = PBXResourcesBuildPhase;
			buildActionMask = 2147483647;
			files = (
			);
			runOnlyForDeploymentPostprocessing = 0;
		};
		E04829C61DE6E9C50038C7B6 /* Resources */ = {
			isa = PBXResourcesBuildPhase;
			buildActionMask = 2147483647;
			files = (
			);
			runOnlyForDeploymentPostprocessing = 0;
		};
		E087DAEE1DF055440051F7CC /* Resources */ = {
			isa = PBXResourcesBuildPhase;
			buildActionMask = 2147483647;
			files = (
				E087DAFD1DF055440051F7CC /* LaunchScreen.storyboard in Resources */,
				E087DAFA1DF055440051F7CC /* Assets.xcassets in Resources */,
				E087DAF81DF055440051F7CC /* Main.storyboard in Resources */,
			);
			runOnlyForDeploymentPostprocessing = 0;
		};
/* End PBXResourcesBuildPhase section */

/* Begin PBXSourcesBuildPhase section */
		E04829BA1DE6E9C40038C7B6 /* Sources */ = {
			isa = PBXSourcesBuildPhase;
			buildActionMask = 2147483647;
			files = (
				E066F3FD1DF02A5400CEEA36 /* Authorize.swift in Sources */,
				E087DA601DF036440051F7CC /* AnnictError.swift in Sources */,
				E087DA641DF0445F0051F7CC /* AnnictNotification.swift in Sources */,
				E0A825F81DF2B898003BABE5 /* Array+join.swift in Sources */,
				E087DB141DF0685C0051F7CC /* AnnictWorkEntity.swift in Sources */,
				E0F602891DF027FC0016AC2A /* AnnictAuthorizeEntity.swift in Sources */,
				E087DB191DF2ACDB0051F7CC /* Works.swift in Sources */,
				E0F6027E1DF020900016AC2A /* AnnictSessionAdapter.swift in Sources */,
				E087DA5E1DF02F680051F7CC /* URL+Parse.swift in Sources */,
				E087DB161DF2AA280051F7CC /* URL+Decodable.swift in Sources */,
				E0F6027A1DF01A670016AC2A /* AnnictRequest.swift in Sources */,
				E087DA661DF0482F0051F7CC /* Date+Decodable.swift in Sources */,
				E0F6027C1DF01C250016AC2A /* AnnictClient.swift in Sources */,
				E087DA621DF03A120051F7CC /* Token.swift in Sources */,
			);
			runOnlyForDeploymentPostprocessing = 0;
		};
		E04829C41DE6E9C50038C7B6 /* Sources */ = {
			isa = PBXSourcesBuildPhase;
			buildActionMask = 2147483647;
			files = (
				E04829CE1DE6E9C50038C7B6 /* AnnictAPITests.swift in Sources */,
			);
			runOnlyForDeploymentPostprocessing = 0;
		};
		E087DAEC1DF055440051F7CC /* Sources */ = {
			isa = PBXSourcesBuildPhase;
			buildActionMask = 2147483647;
			files = (
				E087DAF51DF055440051F7CC /* ViewController.swift in Sources */,
				E087DAF31DF055440051F7CC /* AppDelegate.swift in Sources */,
			);
			runOnlyForDeploymentPostprocessing = 0;
		};
/* End PBXSourcesBuildPhase section */

/* Begin PBXTargetDependency section */
		E04829CB1DE6E9C50038C7B6 /* PBXTargetDependency */ = {
			isa = PBXTargetDependency;
			target = E04829BE1DE6E9C40038C7B6 /* AnnictAPI */;
			targetProxy = E04829CA1DE6E9C50038C7B6 /* PBXContainerItemProxy */;
		};
		E087DB0B1DF055F00051F7CC /* PBXTargetDependency */ = {
			isa = PBXTargetDependency;
			target = E04829BE1DE6E9C40038C7B6 /* AnnictAPI */;
			targetProxy = E087DB0A1DF055F00051F7CC /* PBXContainerItemProxy */;
		};
/* End PBXTargetDependency section */

/* Begin PBXVariantGroup section */
		E087DAF61DF055440051F7CC /* Main.storyboard */ = {
			isa = PBXVariantGroup;
			children = (
				E087DAF71DF055440051F7CC /* Base */,
			);
			name = Main.storyboard;
			sourceTree = "<group>";
		};
		E087DAFB1DF055440051F7CC /* LaunchScreen.storyboard */ = {
			isa = PBXVariantGroup;
			children = (
				E087DAFC1DF055440051F7CC /* Base */,
			);
			name = LaunchScreen.storyboard;
			sourceTree = "<group>";
		};
/* End PBXVariantGroup section */

/* Begin XCBuildConfiguration section */
		E04829D11DE6E9C50038C7B6 /* Debug */ = {
			isa = XCBuildConfiguration;
			buildSettings = {
				ALWAYS_SEARCH_USER_PATHS = NO;
				CLANG_ANALYZER_NONNULL = YES;
				CLANG_CXX_LANGUAGE_STANDARD = "gnu++0x";
				CLANG_CXX_LIBRARY = "libc++";
				CLANG_ENABLE_MODULES = YES;
				CLANG_ENABLE_OBJC_ARC = YES;
				CLANG_WARN_BOOL_CONVERSION = YES;
				CLANG_WARN_CONSTANT_CONVERSION = YES;
				CLANG_WARN_DIRECT_OBJC_ISA_USAGE = YES_ERROR;
				CLANG_WARN_DOCUMENTATION_COMMENTS = YES;
				CLANG_WARN_EMPTY_BODY = YES;
				CLANG_WARN_ENUM_CONVERSION = YES;
				CLANG_WARN_INFINITE_RECURSION = YES;
				CLANG_WARN_INT_CONVERSION = YES;
				CLANG_WARN_OBJC_ROOT_CLASS = YES_ERROR;
				CLANG_WARN_SUSPICIOUS_MOVES = YES;
				CLANG_WARN_UNREACHABLE_CODE = YES;
				CLANG_WARN__DUPLICATE_METHOD_MATCH = YES;
				"CODE_SIGN_IDENTITY[sdk=iphoneos*]" = "iPhone Developer";
				COPY_PHASE_STRIP = NO;
				CURRENT_PROJECT_VERSION = 1;
				DEBUG_INFORMATION_FORMAT = dwarf;
				ENABLE_STRICT_OBJC_MSGSEND = YES;
				ENABLE_TESTABILITY = YES;
				GCC_C_LANGUAGE_STANDARD = gnu99;
				GCC_DYNAMIC_NO_PIC = NO;
				GCC_NO_COMMON_BLOCKS = YES;
				GCC_OPTIMIZATION_LEVEL = 0;
				GCC_PREPROCESSOR_DEFINITIONS = (
					"DEBUG=1",
					"$(inherited)",
				);
				GCC_WARN_64_TO_32_BIT_CONVERSION = YES;
				GCC_WARN_ABOUT_RETURN_TYPE = YES_ERROR;
				GCC_WARN_UNDECLARED_SELECTOR = YES;
				GCC_WARN_UNINITIALIZED_AUTOS = YES_AGGRESSIVE;
				GCC_WARN_UNUSED_FUNCTION = YES;
				GCC_WARN_UNUSED_VARIABLE = YES;
				IPHONEOS_DEPLOYMENT_TARGET = 9.0;
				MTL_ENABLE_DEBUG_INFO = YES;
				ONLY_ACTIVE_ARCH = YES;
				SDKROOT = iphoneos;
				SWIFT_ACTIVE_COMPILATION_CONDITIONS = DEBUG;
				SWIFT_OPTIMIZATION_LEVEL = "-Onone";
				TARGETED_DEVICE_FAMILY = "1,2";
				VERSIONING_SYSTEM = "apple-generic";
				VERSION_INFO_PREFIX = "";
			};
			name = Debug;
		};
		E04829D21DE6E9C50038C7B6 /* Release */ = {
			isa = XCBuildConfiguration;
			buildSettings = {
				ALWAYS_SEARCH_USER_PATHS = NO;
				CLANG_ANALYZER_NONNULL = YES;
				CLANG_CXX_LANGUAGE_STANDARD = "gnu++0x";
				CLANG_CXX_LIBRARY = "libc++";
				CLANG_ENABLE_MODULES = YES;
				CLANG_ENABLE_OBJC_ARC = YES;
				CLANG_WARN_BOOL_CONVERSION = YES;
				CLANG_WARN_CONSTANT_CONVERSION = YES;
				CLANG_WARN_DIRECT_OBJC_ISA_USAGE = YES_ERROR;
				CLANG_WARN_DOCUMENTATION_COMMENTS = YES;
				CLANG_WARN_EMPTY_BODY = YES;
				CLANG_WARN_ENUM_CONVERSION = YES;
				CLANG_WARN_INFINITE_RECURSION = YES;
				CLANG_WARN_INT_CONVERSION = YES;
				CLANG_WARN_OBJC_ROOT_CLASS = YES_ERROR;
				CLANG_WARN_SUSPICIOUS_MOVES = YES;
				CLANG_WARN_UNREACHABLE_CODE = YES;
				CLANG_WARN__DUPLICATE_METHOD_MATCH = YES;
				"CODE_SIGN_IDENTITY[sdk=iphoneos*]" = "iPhone Developer";
				COPY_PHASE_STRIP = NO;
				CURRENT_PROJECT_VERSION = 1;
				DEBUG_INFORMATION_FORMAT = "dwarf-with-dsym";
				ENABLE_NS_ASSERTIONS = NO;
				ENABLE_STRICT_OBJC_MSGSEND = YES;
				GCC_C_LANGUAGE_STANDARD = gnu99;
				GCC_NO_COMMON_BLOCKS = YES;
				GCC_WARN_64_TO_32_BIT_CONVERSION = YES;
				GCC_WARN_ABOUT_RETURN_TYPE = YES_ERROR;
				GCC_WARN_UNDECLARED_SELECTOR = YES;
				GCC_WARN_UNINITIALIZED_AUTOS = YES_AGGRESSIVE;
				GCC_WARN_UNUSED_FUNCTION = YES;
				GCC_WARN_UNUSED_VARIABLE = YES;
				IPHONEOS_DEPLOYMENT_TARGET = 9.0;
				MTL_ENABLE_DEBUG_INFO = NO;
				SDKROOT = iphoneos;
				SWIFT_OPTIMIZATION_LEVEL = "-Owholemodule";
				TARGETED_DEVICE_FAMILY = "1,2";
				VALIDATE_PRODUCT = YES;
				VERSIONING_SYSTEM = "apple-generic";
				VERSION_INFO_PREFIX = "";
			};
			name = Release;
		};
		E04829D41DE6E9C50038C7B6 /* Debug */ = {
			isa = XCBuildConfiguration;
			buildSettings = {
				CLANG_ENABLE_MODULES = YES;
				CODE_SIGN_IDENTITY = "";
				DEFINES_MODULE = YES;
				DEVELOPMENT_TEAM = 2SG9N6FZ7L;
				DYLIB_COMPATIBILITY_VERSION = 1;
				DYLIB_CURRENT_VERSION = 1;
				DYLIB_INSTALL_NAME_BASE = "@rpath";
				FRAMEWORK_SEARCH_PATHS = (
					"$(inherited)",
					"$(PROJECT_DIR)/Carthage/Build/iOS",
				);
				INFOPLIST_FILE = AnnictAPI/Info.plist;
				INSTALL_PATH = "$(LOCAL_LIBRARY_DIR)/Frameworks";
				LD_RUNPATH_SEARCH_PATHS = "$(inherited) @executable_path/Frameworks @loader_path/Frameworks";
				PRODUCT_BUNDLE_IDENTIFIER = kateinoigakukun.AnnictAPI;
				PRODUCT_NAME = "$(TARGET_NAME)";
				SKIP_INSTALL = YES;
				SWIFT_OPTIMIZATION_LEVEL = "-Onone";
				SWIFT_VERSION = 3.0;
			};
			name = Debug;
		};
		E04829D51DE6E9C50038C7B6 /* Release */ = {
			isa = XCBuildConfiguration;
			buildSettings = {
				CLANG_ENABLE_MODULES = YES;
				CODE_SIGN_IDENTITY = "";
				DEFINES_MODULE = YES;
				DEVELOPMENT_TEAM = 2SG9N6FZ7L;
				DYLIB_COMPATIBILITY_VERSION = 1;
				DYLIB_CURRENT_VERSION = 1;
				DYLIB_INSTALL_NAME_BASE = "@rpath";
				FRAMEWORK_SEARCH_PATHS = (
					"$(inherited)",
					"$(PROJECT_DIR)/Carthage/Build/iOS",
				);
				INFOPLIST_FILE = AnnictAPI/Info.plist;
				INSTALL_PATH = "$(LOCAL_LIBRARY_DIR)/Frameworks";
				LD_RUNPATH_SEARCH_PATHS = "$(inherited) @executable_path/Frameworks @loader_path/Frameworks";
				PRODUCT_BUNDLE_IDENTIFIER = kateinoigakukun.AnnictAPI;
				PRODUCT_NAME = "$(TARGET_NAME)";
				SKIP_INSTALL = YES;
				SWIFT_VERSION = 3.0;
			};
			name = Release;
		};
		E04829D71DE6E9C50038C7B6 /* Debug */ = {
			isa = XCBuildConfiguration;
			buildSettings = {
				ALWAYS_EMBED_SWIFT_STANDARD_LIBRARIES = YES;
				FRAMEWORK_SEARCH_PATHS = (
					"$(inherited)",
					"$(PROJECT_DIR)/Carthage/Build/iOS",
				);
				INFOPLIST_FILE = AnnictAPITests/Info.plist;
				LD_RUNPATH_SEARCH_PATHS = "$(inherited) @executable_path/Frameworks @loader_path/Frameworks";
				PRODUCT_BUNDLE_IDENTIFIER = kateinoigakukun.AnnictAPITests;
				PRODUCT_NAME = "$(TARGET_NAME)";
				SWIFT_VERSION = 3.0;
			};
			name = Debug;
		};
		E04829D81DE6E9C50038C7B6 /* Release */ = {
			isa = XCBuildConfiguration;
			buildSettings = {
				ALWAYS_EMBED_SWIFT_STANDARD_LIBRARIES = YES;
				FRAMEWORK_SEARCH_PATHS = (
					"$(inherited)",
					"$(PROJECT_DIR)/Carthage/Build/iOS",
				);
				INFOPLIST_FILE = AnnictAPITests/Info.plist;
				LD_RUNPATH_SEARCH_PATHS = "$(inherited) @executable_path/Frameworks @loader_path/Frameworks";
				PRODUCT_BUNDLE_IDENTIFIER = kateinoigakukun.AnnictAPITests;
				PRODUCT_NAME = "$(TARGET_NAME)";
				SWIFT_VERSION = 3.0;
			};
			name = Release;
		};
		E087DB001DF055440051F7CC /* Debug */ = {
			isa = XCBuildConfiguration;
			buildSettings = {
				ALWAYS_EMBED_SWIFT_STANDARD_LIBRARIES = YES;
				ASSETCATALOG_COMPILER_APPICON_NAME = AppIcon;
				DEVELOPMENT_TEAM = 2SG9N6FZ7L;
				FRAMEWORK_SEARCH_PATHS = (
					"$(inherited)",
					"$(PROJECT_DIR)/Carthage/Build/iOS",
				);
				INFOPLIST_FILE = AnnictAPIDemo/Info.plist;
				IPHONEOS_DEPLOYMENT_TARGET = 10.1;
				LD_RUNPATH_SEARCH_PATHS = "$(inherited) @executable_path/Frameworks";
				PRODUCT_BUNDLE_IDENTIFIER = kateinoigakukun.AnnictAPIDemo;
				PRODUCT_NAME = "$(TARGET_NAME)";
				SWIFT_VERSION = 3.0;
			};
			name = Debug;
		};
		E087DB011DF055440051F7CC /* Release */ = {
			isa = XCBuildConfiguration;
			buildSettings = {
				ALWAYS_EMBED_SWIFT_STANDARD_LIBRARIES = YES;
				ASSETCATALOG_COMPILER_APPICON_NAME = AppIcon;
				DEVELOPMENT_TEAM = 2SG9N6FZ7L;
				FRAMEWORK_SEARCH_PATHS = (
					"$(inherited)",
					"$(PROJECT_DIR)/Carthage/Build/iOS",
				);
				INFOPLIST_FILE = AnnictAPIDemo/Info.plist;
				IPHONEOS_DEPLOYMENT_TARGET = 10.1;
				LD_RUNPATH_SEARCH_PATHS = "$(inherited) @executable_path/Frameworks";
				PRODUCT_BUNDLE_IDENTIFIER = kateinoigakukun.AnnictAPIDemo;
				PRODUCT_NAME = "$(TARGET_NAME)";
				SWIFT_VERSION = 3.0;
			};
			name = Release;
		};
/* End XCBuildConfiguration section */

/* Begin XCConfigurationList section */
		E04829B91DE6E9C40038C7B6 /* Build configuration list for PBXProject "AnnictAPI" */ = {
			isa = XCConfigurationList;
			buildConfigurations = (
				E04829D11DE6E9C50038C7B6 /* Debug */,
				E04829D21DE6E9C50038C7B6 /* Release */,
			);
			defaultConfigurationIsVisible = 0;
			defaultConfigurationName = Release;
		};
		E04829D31DE6E9C50038C7B6 /* Build configuration list for PBXNativeTarget "AnnictAPI" */ = {
			isa = XCConfigurationList;
			buildConfigurations = (
				E04829D41DE6E9C50038C7B6 /* Debug */,
				E04829D51DE6E9C50038C7B6 /* Release */,
			);
			defaultConfigurationIsVisible = 0;
			defaultConfigurationName = Release;
		};
		E04829D61DE6E9C50038C7B6 /* Build configuration list for PBXNativeTarget "AnnictAPITests" */ = {
			isa = XCConfigurationList;
			buildConfigurations = (
				E04829D71DE6E9C50038C7B6 /* Debug */,
				E04829D81DE6E9C50038C7B6 /* Release */,
			);
			defaultConfigurationIsVisible = 0;
			defaultConfigurationName = Release;
		};
		E087DAFF1DF055440051F7CC /* Build configuration list for PBXNativeTarget "AnnictAPIDemo" */ = {
			isa = XCConfigurationList;
			buildConfigurations = (
				E087DB001DF055440051F7CC /* Debug */,
				E087DB011DF055440051F7CC /* Release */,
			);
			defaultConfigurationIsVisible = 0;
			defaultConfigurationName = Release;
		};
/* End XCConfigurationList section */
	};
	rootObject = E04829B61DE6E9C40038C7B6 /* Project object */;
}
